{
    "_readme": [
        "This file locks the dependencies of your project to a known state",
        "Read more about it at https://getcomposer.org/doc/01-basic-usage.md#composer-lock-the-lock-file",
        "This file is @generated automatically"
    ],
    "content-hash": "e59b1492eb35cae417a9eaf1c070f6cf",
    "packages": [
        {
            "name": "tightenco/collect",
            "version": "v5.4.32",
            "source": {
                "type": "git",
                "url": "https://github.com/tightenco/collect.git",
                "reference": "7c232b5d3c132f8e9c19afa6abab4bca31a6a624"
            },
            "dist": {
                "type": "zip",
                "url": "https://api.github.com/repos/tightenco/collect/zipball/7c232b5d3c132f8e9c19afa6abab4bca31a6a624",
                "reference": "7c232b5d3c132f8e9c19afa6abab4bca31a6a624",
                "shasum": ""
            },
            "require": {
                "php": ">=5.6.4"
            },
            "require-dev": {
                "mockery/mockery": "^0.9.7",
                "phpunit/phpunit": "^5.7"
            },
            "type": "library",
            "autoload": {
                "files": [
                    "src/Illuminate/Support/helpers.php"
                ],
                "psr-4": {
                    "Illuminate\\": "src/Illuminate"
                }
            },
            "notification-url": "https://packagist.org/downloads/",
            "license": [
                "MIT"
            ],
            "authors": [
                {
                    "name": "Taylor Otwell",
                    "email": "taylorotwell@gmail.com"
                }
            ],
            "description": "Collect - Illuminate Collections as a separate package.",
            "keywords": [
                "collection",
                "laravel"
            ],
            "time": "2017-08-03T17:36:05+00:00"
        }
    ],
    "packages-dev": [],
    "aliases": [],
    "minimum-stability": "stable",
    "stability-flags": [],
    "prefer-stable": false,
    "prefer-lowest": false,
    "platform": [],
    "platform-dev": []
}
